
Microsoft Visual Studio Solution File, Format Version 12.00
# Visual Studio Version 16
VisualStudioVersion = 16.0.30907.101
MinimumVisualStudioVersion = 10.0.40219.1
Project("{FAE04EC0-301F-11D3-BF4B-00C04F79EFBC}") = "GestioneOrdini", "GestioneOrdini\GestioneOrdini.csproj", "{0194BAAC-C410-4E10-8FCF-C211E11D8D3E}"
EndProject
Project("{FAE04EC0-301F-11D3-BF4B-00C04F79EFBC}") = "GestioneOrdini.EF", "GestioneOrdini.EF\GestioneOrdini.EF.csproj", "{A318BA3D-FCA5-4C09-9DA4-F557F4DDBF52}"
EndProject
Project("{FAE04EC0-301F-11D3-BF4B-00C04F79EFBC}") = "WcfGestioneOrdini", "WcfGestioneOrdini\WcfGestioneOrdini.csproj", "{29D3DBAB-1AA7-4972-8775-608B536E70FE}"
EndProject
Project("{FAE04EC0-301F-11D3-BF4B-00C04F79EFBC}") = "GestioneOrdini.RestApp", "GestioneOrdini.RestApp\GestioneOrdini.RestApp.csproj", "{73488E24-6A85-4C8D-8C50-A30D351CBCD9}"
EndProject
Global
	GlobalSection(SolutionConfigurationPlatforms) = preSolution
		Debug|Any CPU = Debug|Any CPU
		Release|Any CPU = Release|Any CPU
	EndGlobalSection
	GlobalSection(ProjectConfigurationPlatforms) = postSolution
		{0194BAAC-C410-4E10-8FCF-C211E11D8D3E}.Debug|Any CPU.ActiveCfg = Debug|Any CPU
		{0194BAAC-C410-4E10-8FCF-C211E11D8D3E}.Debug|Any CPU.Build.0 = Debug|Any CPU
		{0194BAAC-C410-4E10-8FCF-C211E11D8D3E}.Release|Any CPU.ActiveCfg = Release|Any CPU
		{0194BAAC-C410-4E10-8FCF-C211E11D8D3E}.Release|Any CPU.Build.0 = Release|Any CPU
		{A318BA3D-FCA5-4C09-9DA4-F557F4DDBF52}.Debug|Any CPU.ActiveCfg = Debug|Any CPU
		{A318BA3D-FCA5-4C09-9DA4-F557F4DDBF52}.Debug|Any CPU.Build.0 = Debug|Any CPU
		{A318BA3D-FCA5-4C09-9DA4-F557F4DDBF52}.Release|Any CPU.ActiveCfg = Release|Any CPU
		{A318BA3D-FCA5-4C09-9DA4-F557F4DDBF52}.Release|Any CPU.Build.0 = Release|Any CPU
		{29D3DBAB-1AA7-4972-8775-608B536E70FE}.Debug|Any CPU.ActiveCfg = Debug|Any CPU
		{29D3DBAB-1AA7-4972-8775-608B536E70FE}.Debug|Any CPU.Build.0 = Debug|Any CPU
		{29D3DBAB-1AA7-4972-8775-608B536E70FE}.Release|Any CPU.ActiveCfg = Release|Any CPU
		{29D3DBAB-1AA7-4972-8775-608B536E70FE}.Release|Any CPU.Build.0 = Release|Any CPU
		{73488E24-6A85-4C8D-8C50-A30D351CBCD9}.Debug|Any CPU.ActiveCfg = Debug|Any CPU
		{73488E24-6A85-4C8D-8C50-A30D351CBCD9}.Debug|Any CPU.Build.0 = Debug|Any CPU
		{73488E24-6A85-4C8D-8C50-A30D351CBCD9}.Release|Any CPU.ActiveCfg = Release|Any CPU
		{73488E24-6A85-4C8D-8C50-A30D351CBCD9}.Release|Any CPU.Build.0 = Release|Any CPU
	EndGlobalSection
	GlobalSection(SolutionProperties) = preSolution
		HideSolutionNode = FALSE
	EndGlobalSection
	GlobalSection(ExtensibilityGlobals) = postSolution
		SolutionGuid = {5F412BF1-2002-4B87-BB9F-6C3BEF762BF2}
	EndGlobalSection
EndGlobal
